
Microsoft Visual Studio Solution File, Format Version 12.00
# Visual Studio Version 16
VisualStudioVersion = 16.0.31702.278
MinimumVisualStudioVersion = 10.0.40219.1
Project("{FAE04EC0-301F-11D3-BF4B-00C04F79EFBC}") = "FacultyManagement", "FacultyManagement\FacultyManagement.csproj", "{43E0D1DD-11A8-4777-AF8B-D6BF191C02BF}"
EndProject
Global
	GlobalSection(SolutionConfigurationPlatforms) = preSolution
		Debug|Any CPU = Debug|Any CPU
		Release|Any CPU = Release|Any CPU
	EndGlobalSection
	GlobalSection(ProjectConfigurationPlatforms) = postSolution
		{43E0D1DD-11A8-4777-AF8B-D6BF191C02BF}.Debug|Any CPU.ActiveCfg = Debug|Any CPU
		{43E0D1DD-11A8-4777-AF8B-D6BF191C02BF}.Debug|Any CPU.Build.0 = Debug|Any CPU
		{43E0D1DD-11A8-4777-AF8B-D6BF191C02BF}.Release|Any CPU.ActiveCfg = Release|Any CPU
		{43E0D1DD-11A8-4777-AF8B-D6BF191C02BF}.Release|Any CPU.Build.0 = Release|Any CPU
	EndGlobalSection
	GlobalSection(SolutionProperties) = preSolution
		HideSolutionNode = FALSE
	EndGlobalSection
	GlobalSection(ExtensibilityGlobals) = postSolution
		SolutionGuid = {B2F9B42E-7C1C-4741-A971-93E354FF7A0D}
	EndGlobalSection
EndGlobal
